{
  "name": "research-ecdsa-auth-protocol",
  "version": "1.0.0",
  "lockfileVersion": 1,
  "requires": true,
  "dependencies": {
    "ajax-caching": {
      "version": "0.1.2",
      "resolved": "https://registry.npmjs.org/ajax-caching/-/ajax-caching-0.1.2.tgz",
      "integrity": "sha512-sR4BataOHBqyhzfjhY6XlmaL6ifysUn1YwoN2PoToKwB0vGZ0G8opPMiBwQfIZ4MGc1YX4M3UlZzGnXcsIE88Q==",
      "requires": {
        "kv-idb": "^1.1.0"
      }
    },
    "ganache-cli": {
      "version": "6.4.3",
      "resolved": "https://registry.npmjs.org/ganache-cli/-/ganache-cli-6.4.3.tgz",
      "integrity": "sha512-3G+CK4ojipDvxQHlpX8PjqaOMRWVcaLZZSW97Bv7fdcPTXQwkji2yY5CY6J12Atiub4M4aJc0va+q3HXeerbIA==",
      "requires": {
        "bn.js": "4.11.8",
        "source-map-support": "0.5.9",
        "yargs": "11.1.0"
      },
      "dependencies": {
        "ansi-regex": {
          "version": "3.0.0",
          "bundled": true
        },
        "bn.js": {
          "version": "4.11.8",
          "bundled": true
        },
        "buffer-from": {
          "version": "1.1.1",
          "bundled": true
        },
        "camelcase": {
          "version": "4.1.0",
          "bundled": true
        },
        "cliui": {
          "version": "4.1.0",
          "bundled": true,
          "requires": {
            "string-width": "^2.1.1",
            "strip-ansi": "^4.0.0",
            "wrap-ansi": "^2.0.0"
          }
        },
        "code-point-at": {
          "version": "1.1.0",
          "bundled": true
        },
        "cross-spawn": {
          "version": "5.1.0",
          "bundled": true,
          "requires": {
            "lru-cache": "^4.0.1",
            "shebang-command": "^1.2.0",
            "which": "^1.2.9"
          }
        },
        "decamelize": {
          "version": "1.2.0",
          "bundled": true
        },
        "execa": {
          "version": "0.7.0",
          "bundled": true,
          "requires": {
            "cross-spawn": "^5.0.1",
            "get-stream": "^3.0.0",
            "is-stream": "^1.1.0",
            "npm-run-path": "^2.0.0",
            "p-finally": "^1.0.0",
            "signal-exit": "^3.0.0",
            "strip-eof": "^1.0.0"
          }
        },
        "find-up": {
          "version": "2.1.0",
          "bundled": true,
          "requires": {
            "locate-path": "^2.0.0"
          }
        },
        "get-caller-file": {
          "version": "1.0.3",
          "bundled": true
        },
        "get-stream": {
          "version": "3.0.0",
          "bundled": true
        },
        "invert-kv": {
          "version": "1.0.0",
          "bundled": true
        },
        "is-fullwidth-code-point": {
          "version": "2.0.0",
          "bundled": true
        },
        "is-stream": {
          "version": "1.1.0",
          "bundled": true
        },
        "isexe": {
          "version": "2.0.0",
          "bundled": true
        },
        "lcid": {
          "version": "1.0.0",
          "bundled": true,
          "requires": {
            "invert-kv": "^1.0.0"
          }
        },
        "locate-path": {
          "version": "2.0.0",
          "bundled": true,
          "requires": {
            "p-locate": "^2.0.0",
            "path-exists": "^3.0.0"
          }
        },
        "lru-cache": {
          "version": "4.1.4",
          "bundled": true,
          "requires": {
            "pseudomap": "^1.0.2",
            "yallist": "^3.0.2"
          }
        },
        "mem": {
          "version": "1.1.0",
          "bundled": true,
          "requires": {
            "mimic-fn": "^1.0.0"
          }
        },
        "mimic-fn": {
          "version": "1.2.0",
          "bundled": true
        },
        "npm-run-path": {
          "version": "2.0.2",
          "bundled": true,
          "requires": {
            "path-key": "^2.0.0"
          }
        },
        "number-is-nan": {
          "version": "1.0.1",
          "bundled": true
        },
        "os-locale": {
          "version": "2.1.0",
          "bundled": true,
          "requires": {
            "execa": "^0.7.0",
            "lcid": "^1.0.0",
            "mem": "^1.1.0"
          }
        },
        "p-finally": {
          "version": "1.0.0",
          "bundled": true
        },
        "p-limit": {
          "version": "1.3.0",
          "bundled": true,
          "requires": {
            "p-try": "^1.0.0"
          }
        },
        "p-locate": {
          "version": "2.0.0",
          "bundled": true,
          "requires": {
            "p-limit": "^1.1.0"
          }
        },
        "p-try": {
          "version": "1.0.0",
          "bundled": true
        },
        "path-exists": {
          "version": "3.0.0",
          "bundled": true
        },
        "path-key": {
          "version": "2.0.1",
          "bundled": true
        },
        "pseudomap": {
          "version": "1.0.2",
          "bundled": true
        },
        "require-directory": {
          "version": "2.1.1",
          "bundled": true
        },
        "require-main-filename": {
          "version": "1.0.1",
          "bundled": true
        },
        "set-blocking": {
          "version": "2.0.0",
          "bundled": true
        },
        "shebang-command": {
          "version": "1.2.0",
          "bundled": true,
          "requires": {
            "shebang-regex": "^1.0.0"
          }
        },
        "shebang-regex": {
          "version": "1.0.0",
          "bundled": true
        },
        "signal-exit": {
          "version": "3.0.2",
          "bundled": true
        },
        "source-map": {
          "version": "0.6.1",
          "bundled": true
        },
        "source-map-support": {
          "version": "0.5.9",
          "bundled": true,
          "requires": {
            "buffer-from": "^1.0.0",
            "source-map": "^0.6.0"
          }
        },
        "string-width": {
          "version": "2.1.1",
          "bundled": true,
          "requires": {
            "is-fullwidth-code-point": "^2.0.0",
            "strip-ansi": "^4.0.0"
          }
        },
        "strip-ansi": {
          "version": "4.0.0",
          "bundled": true,
          "requires": {
            "ansi-regex": "^3.0.0"
          }
        },
        "strip-eof": {
          "version": "1.0.0",
          "bundled": true
        },
        "which": {
          "version": "1.3.1",
          "bundled": true,
          "requires": {
            "isexe": "^2.0.0"
          }
        },
        "which-module": {
          "version": "2.0.0",
          "bundled": true
        },
        "wrap-ansi": {
          "version": "2.1.0",
          "bundled": true,
          "requires": {
            "string-width": "^1.0.1",
            "strip-ansi": "^3.0.1"
          },
          "dependencies": {
            "ansi-regex": {
              "version": "2.1.1",
              "bundled": true
            },
            "is-fullwidth-code-point": {
              "version": "1.0.0",
              "bundled": true,
              "requires": {
                "number-is-nan": "^1.0.0"
              }
            },
            "string-width": {
              "version": "1.0.2",
              "bundled": true,
              "requires": {
                "code-point-at": "^1.0.0",
                "is-fullwidth-code-point": "^1.0.0",
                "strip-ansi": "^3.0.0"
              }
            },
            "strip-ansi": {
              "version": "3.0.1",
              "bundled": true,
              "requires": {
                "ansi-regex": "^2.0.0"
              }
            }
          }
        },
        "y18n": {
          "version": "3.2.1",
          "bundled": true
        },
        "yallist": {
          "version": "3.0.2",
          "bundled": true
        },
        "yargs": {
          "version": "11.1.0",
          "bundled": true,
          "requires": {
            "cliui": "^4.0.0",
            "decamelize": "^1.1.1",
            "find-up": "^2.1.0",
            "get-caller-file": "^1.0.1",
            "os-locale": "^2.0.0",
            "require-directory": "^2.1.1",
            "require-main-filename": "^1.0.1",
            "set-blocking": "^2.0.0",
            "string-width": "^2.0.0",
            "which-module": "^2.0.0",
            "y18n": "^3.2.1",
            "yargs-parser": "^9.0.2"
          }
        },
        "yargs-parser": {
          "version": "9.0.2",
          "bundled": true,
          "requires": {
            "camelcase": "^4.1.0"
          }
        }
      }
    },
    "kv-idb": {
      "version": "1.1.0",
      "resolved": "https://registry.npmjs.org/kv-idb/-/kv-idb-1.1.0.tgz",
      "integrity": "sha512-H1qsvb/rZcJX573DGonc6l1hNG283JfnmBck83aiLmjI1nwaiudUinjzaWmwa8QZkjHsMUDkXm4D1k4ewjlo/g=="
    },
    "lodash": {
      "version": "4.17.20",
      "resolved": "https://registry.npmjs.org/lodash/-/lodash-4.17.20.tgz",
      "integrity": "sha512-PlhdFcillOINfeV7Ni6oF1TAEayyZBoZ8bcshTHqOYJYlrqzRK5hagpagky5o4HfCzzd1TRkXPMFq6cKk9rGmA=="
    },
    "resolve-github": {
      "version": "0.2.0",
      "resolved": "https://registry.npmjs.org/resolve-github/-/resolve-github-0.2.0.tgz",
      "integrity": "sha512-Ocaoo1zeCaNPduCzzPLtUvoUOmbzjyBs4Eq/jEzZkknzhuH53roeD8NUHg9ZjwDBpcuMiOqaoiskAnURKxopag==",
      "requires": {
        "solc-import": "0.0.2"
      }
    },
    "resolve-http": {
      "version": "0.2.0",
      "resolved": "https://registry.npmjs.org/resolve-http/-/resolve-http-0.2.0.tgz",
      "integrity": "sha512-XInHhoHbU4wwLXcrWB1ULPN/RzEzopenfePeykv9IssY1oF1evUDIBMODMJpYl3zxRZsqqOHsrA8lcb/4ZsvgQ==",
      "requires": {
        "solc-import": "0.0.2"
      }
    },
    "resolve-ipfs": {
      "version": "0.1.0",
      "resolved": "https://registry.npmjs.org/resolve-ipfs/-/resolve-ipfs-0.1.0.tgz",
      "integrity": "sha512-TLvn09WQ01AZTFoZK1aSidmdUnCxQfTuehEutF6w8kRoXw1hL3jlDw5djKJlIVADihXp2HWguZR4hZXAtLkFSw=="
    },
    "resolve-swarm": {
      "version": "0.1.0",
      "resolved": "https://registry.npmjs.org/resolve-swarm/-/resolve-swarm-0.1.0.tgz",
      "integrity": "sha512-fhI2FSkN6SLUJCWf7Svf3rW9AdSxS4KQCJzvAPSJZRmg1bPz+Ek/fRmNUkv5ihtrNiW8wury+XxQZoS+6LbHHg=="
    },
    "solc-import": {
      "version": "0.0.2",
      "resolved": "https://registry.npmjs.org/solc-import/-/solc-import-0.0.2.tgz",
      "integrity": "sha512-NQMUiz2c1xm62Q1VhgTGa2DUQWr6bIpPIJxDhg77YPfCyrq4GO/o1BP0brp9gTpNzjYODG9I2Wh8vB8eJxFjXA=="
    },
    "solc-js": {
      "version": "1.0.1",
      "resolved": "https://registry.npmjs.org/solc-js/-/solc-js-1.0.1.tgz",
      "integrity": "sha512-+DjNJLfbOteWSkGLiWUBPvhFa4iq6Eo/a7rrVNz/B79Oz0DiwMha6kPrfZbYcTQ0ZbZBlVGB2EXAipKFI4kJHw==",
      "requires": {
        "ajax-caching": "^0.1.0",
        "kv-idb": "^1.0.0",
        "resolve-github": "^0.2.0",
        "resolve-http": "^0.2.0",
        "resolve-ipfs": "^0.1.0",
        "resolve-swarm": "^0.1.0",
        "solc-import": "^0.0.2",
        "solc-resolver": "^0.2.1",
        "solc-version": "^0.1.6",
        "solcjs-core": "^0.6.0"
      }
    },
    "solc-resolver": {
      "version": "0.2.3",
      "resolved": "https://registry.npmjs.org/solc-resolver/-/solc-resolver-0.2.3.tgz",
      "integrity": "sha512-nYji6nNFWauxzSDUNGWCcRJxy18MTDezYFpP2j+dFf0eDUY5G1e7XyJosyVIsddrUk8MCTBecZ8kFi5wS7cfZQ==",
      "requires": {
        "solc-import": "^0.0.2"
      }
    },
    "solc-version": {
      "version": "0.1.6",
      "resolved": "https://registry.npmjs.org/solc-version/-/solc-version-0.1.6.tgz",
      "integrity": "sha512-oGi7NQUQJf9xFQBIkUEm2NMOWhezgSEfyR8EOBv0okdgNkKZg8LUJIJ3G1czdwgUkAQPMpVRxqCE/JK4B+cCmw==",
      "requires": {
        "ajax-caching": "^0.1.0"
      }
    },
    "solcjs-core": {
      "version": "0.6.0",
      "resolved": "https://registry.npmjs.org/solcjs-core/-/solcjs-core-0.6.0.tgz",
      "integrity": "sha512-PSuiSMMFnjQSn2PMr/Ae4kYPum+NVneZDA5hiZrOhG59t4gDRPt0bSdRjdlVgWFmTQTqsd5aJ9u+P0x7L7lJDg==",
      "requires": {
        "ajax-caching": "^0.2.0",
        "solc-import": "^0.0.2",
        "solc-version": "^0.2.0"
      },
      "dependencies": {
        "ajax-caching": {
          "version": "0.2.0",
          "resolved": "https://registry.npmjs.org/ajax-caching/-/ajax-caching-0.2.0.tgz",
          "integrity": "sha512-WUDWUS1V/I3qquf4fxZECiaAbtN7apPzfkpfyvE4nBIT6FInwYT8smrmDJOL/FqQAwGQOJh4gEseBg0xcOj7Qw==",
          "requires": {
            "kv-idb": "^1.1.0"
          }
        },
        "solc-version": {
          "version": "0.2.2",
          "resolved": "https://registry.npmjs.org/solc-version/-/solc-version-0.2.2.tgz",
          "integrity": "sha512-CNdemSq0W0OcSD6B9OYkUmJaWuQOX5YMEYUJ5vkHFJwwCnFnmE/jAW08wLexaH/+XbMTsrV1IxcAnHnx3STHrQ==",
          "requires": {
            "ajax-caching": "^0.2.0",
            "lodash": "^4.17.15"
          }
        }
      }
    }
  }
}
